github.com/andybalholm/brotli v1.2.6 h1:ftYnfj6usCp+UGV5kSJ3+chpMQgU+gJf/AxsUQ52REI=
github.com/andybalholm/brotli v1.2.6/go.mod h1:rzTDkvFWvIrjDXZHkuS16NPggd91W3kUSvPlQ1pLaKY=
github.com/go-opentype/fonts v0.6.0 h1:pUKITjwC/gZg+XNCqP5eGLi8RHu2RAIcDrr6yp1VKMU=
github.com/go-opentype/fonts v0.6.0/go.mod h1:C6yQL2apHItfEZ5hztpsHF0S5mlX/hklLlq/Z5fRG/g=
github.com/go-opentype/opentype v0.13.0 h1:q9K7IGDfwMP/ik51ZkwiYf6jbaqPfocvAIuojetd0UQ=
github.com/go-opentype/opentype v0.13.0/go.mod h1:AOixevJf7XQaH7+WG+OMIOZEbYPXfMqklVk26Y6YTUU=
github.com/go-opentype/opentype v0.15.0 h1:ioE3eCbNZavlk/w073J3uX5FKjqhgOHQw+wZZdJ+gE4=
github.com/go-opentype/opentype v0.15.0/go.mod h1:ZB31jTJl2mhPESXYMuUW+p36UrOabw/2+6mtyh/vNnI=
github.com/go-opentype/shape v0.5.0 h1:jHNaOMHNBdDj5EixOevlrrsi92svMxvVMKN7GYaPfxo=
github.com/go-opentype/shape v0.5.0/go.mod h1:3ImRYNIj6zpwWQ/DV3BWhgMFfmzDITH6XpZw2auQHTo=
github.com/go-opentype/shape v0.7.0 h1:hXUkI4xdpkzq31ZYf/6zfkDAgRLZnTjI1q8DWLu5MGQ=
github.com/go-opentype/shape v0.7.0/go.mod h1:n8pMQ/MH4Oscxwd9J0B7RiZ5gKlD0yagRQKYsAmJ9Rw=
github.com/go-typeset/bidi v0.3.0 h1:4fjGjejvjE2LzLNzY4si8PkVO321NcsKIiANhWT3jF4=
github.com/go-typeset/bidi v0.3.0/go.mod h1:ct3cmYT8Qt1FGJQ+2QaakrUxqaP4ZysgdQQg2ym5+Xo=
rsc.io/pdf v0.1.1 h1:k1MczvYDUvJBe93bYd7wrZLLUEcLZAuF824/I4e5Xr4=
rsc.io/pdf v0.1.1/go.mod h1:n8OzWcQ6Sp37PL01nO98y4iUCRdTGarVfzxY20ICaU4=
